
Microsoft Visual Studio Solution File, Format Version 12.00
# Visual Studio Version 17
VisualStudioVersion = 17.13.35818.85
MinimumVisualStudioVersion = 10.0.40219.1
Project("{FAE04EC0-301F-11D3-BF4B-00C04F79EFBC}") = "GUI", "app_DatSan_CauLong_PickleBall\GUI\GUI.csproj", "{56CAA2AC-9A90-48EA-9E9F-8BBA6E31780D}"
EndProject
Project("{FAE04EC0-301F-11D3-BF4B-00C04F79EFBC}") = "DAL", "app_DatSan_CauLong_PickleBall\DAL\DAL.csproj", "{053F0882-CC60-4EE6-802C-CB960FCDEA80}"
EndProject
Project("{FAE04EC0-301F-11D3-BF4B-00C04F79EFBC}") = "BLL", "app_DatSan_CauLong_PickleBall\BLL\BLL.csproj", "{071710CF-1361-460E-B82D-259782DD4415}"
EndProject
Project("{FAE04EC0-301F-11D3-BF4B-00C04F79EFBC}") = "DTO", "app_DatSan_CauLong_PickleBall\DTO\DTO.csproj", "{B6460E75-C1B3-4230-89DE-243628B904C3}"
EndProject
Project("{FAE04EC0-301F-11D3-BF4B-00C04F79EFBC}") = "Reports", "Reports\Reports.csproj", "{B383BBA8-F622-45D4-AEB8-23A062A3CD09}"
EndProject
Global
	GlobalSection(SolutionConfigurationPlatforms) = preSolution
		Debug|Any CPU = Debug|Any CPU
		Release|Any CPU = Release|Any CPU
	EndGlobalSection
	GlobalSection(ProjectConfigurationPlatforms) = postSolution
		{56CAA2AC-9A90-48EA-9E9F-8BBA6E31780D}.Debug|Any CPU.ActiveCfg = Debug|Any CPU
		{56CAA2AC-9A90-48EA-9E9F-8BBA6E31780D}.Debug|Any CPU.Build.0 = Debug|Any CPU
		{56CAA2AC-9A90-48EA-9E9F-8BBA6E31780D}.Release|Any CPU.ActiveCfg = Release|Any CPU
		{56CAA2AC-9A90-48EA-9E9F-8BBA6E31780D}.Release|Any CPU.Build.0 = Release|Any CPU
		{053F0882-CC60-4EE6-802C-CB960FCDEA80}.Debug|Any CPU.ActiveCfg = Debug|Any CPU
		{053F0882-CC60-4EE6-802C-CB960FCDEA80}.Debug|Any CPU.Build.0 = Debug|Any CPU
		{053F0882-CC60-4EE6-802C-CB960FCDEA80}.Release|Any CPU.ActiveCfg = Release|Any CPU
		{053F0882-CC60-4EE6-802C-CB960FCDEA80}.Release|Any CPU.Build.0 = Release|Any CPU
		{071710CF-1361-460E-B82D-259782DD4415}.Debug|Any CPU.ActiveCfg = Debug|Any CPU
		{071710CF-1361-460E-B82D-259782DD4415}.Debug|Any CPU.Build.0 = Debug|Any CPU
		{071710CF-1361-460E-B82D-259782DD4415}.Release|Any CPU.ActiveCfg = Release|Any CPU
		{071710CF-1361-460E-B82D-259782DD4415}.Release|Any CPU.Build.0 = Release|Any CPU
		{B6460E75-C1B3-4230-89DE-243628B904C3}.Debug|Any CPU.ActiveCfg = Debug|Any CPU
		{B6460E75-C1B3-4230-89DE-243628B904C3}.Debug|Any CPU.Build.0 = Debug|Any CPU
		{B6460E75-C1B3-4230-89DE-243628B904C3}.Release|Any CPU.ActiveCfg = Release|Any CPU
		{B6460E75-C1B3-4230-89DE-243628B904C3}.Release|Any CPU.Build.0 = Release|Any CPU
		{B383BBA8-F622-45D4-AEB8-23A062A3CD09}.Debug|Any CPU.ActiveCfg = Debug|Any CPU
		{B383BBA8-F622-45D4-AEB8-23A062A3CD09}.Debug|Any CPU.Build.0 = Debug|Any CPU
		{B383BBA8-F622-45D4-AEB8-23A062A3CD09}.Release|Any CPU.ActiveCfg = Release|Any CPU
		{B383BBA8-F622-45D4-AEB8-23A062A3CD09}.Release|Any CPU.Build.0 = Release|Any CPU
	EndGlobalSection
	GlobalSection(SolutionProperties) = preSolution
		HideSolutionNode = FALSE
	EndGlobalSection
	GlobalSection(ExtensibilityGlobals) = postSolution
		SolutionGuid = {98EE6C5C-E1F8-438F-AFCB-E1E5117FBA16}
	EndGlobalSection
EndGlobal
